
Microsoft Visual Studio Solution File, Format Version 12.00
# Visual Studio Version 17
VisualStudioVersion = 17.0.31912.275
MinimumVisualStudioVersion = 10.0.40219.1
Project("{9A19103F-16F7-4668-BE54-9A1E7A4F7556}") = "BMBF", "BMBF\BMBF.csproj", "{9D432CC8-1BEC-4A21-B670-FA621C32A67B}"
EndProject
Project("{9A19103F-16F7-4668-BE54-9A1E7A4F7556}") = "BMBF.Patching", "BMBF.Patching\BMBF.Patching.csproj", "{D731BEC0-7B3D-4490-BA04-6323F2588632}"
EndProject
Project("{9A19103F-16F7-4668-BE54-9A1E7A4F7556}") = "BMBF.DiffGenerator", "BMBF.DiffGenerator\BMBF.DiffGenerator.csproj", "{A05D3964-484D-453E-9A5D-7958F92B5166}"
EndProject
Project("{9A19103F-16F7-4668-BE54-9A1E7A4F7556}") = "BMBF.Resources", "BMBF.Resources\BMBF.Resources.csproj", "{DB7949A1-5211-4716-BAEF-9EB65FBBAFEF}"
EndProject
Project("{9A19103F-16F7-4668-BE54-9A1E7A4F7556}") = "BMBF.ModManagement", "BMBF.ModManagement\BMBF.ModManagement.csproj", "{F3C460A4-61E9-4B7A-8AE9-95B530EB6233}"
EndProject
Project("{9A19103F-16F7-4668-BE54-9A1E7A4F7556}") = "BMBF.QMod", "BMBF.QMod\BMBF.QMod.csproj", "{8A7188BD-8692-499E-B6CA-200B438403BD}"
EndProject
Project("{9A19103F-16F7-4668-BE54-9A1E7A4F7556}") = "BMBF.QMod.Tests", "BMBF.QMod.Tests\BMBF.QMod.Tests.csproj", "{4F5C8026-B3B8-482E-93C6-5FA0A1F247E0}"
EndProject
Project("{9A19103F-16F7-4668-BE54-9A1E7A4F7556}") = "BMBF.Backend", "BMBF.Backend\BMBF.Backend.csproj", "{3B83E73A-AFC9-488A-B633-D0D34BA61E2F}"
EndProject
Project("{9A19103F-16F7-4668-BE54-9A1E7A4F7556}") = "BMBF.Desktop", "BMBF.Desktop\BMBF.Desktop.csproj", "{91711B55-CCC4-4185-84DB-2FB22DC6C3B1}"
EndProject
Project("{9A19103F-16F7-4668-BE54-9A1E7A4F7556}") = "BMBF.Backend.Tests", "BMBF.Backend.Tests\BMBF.Backend.Tests.csproj", "{9B9B7BD4-49EE-4571-B668-A5FAB65CB265}"
EndProject
Project("{2150E333-8FDC-42A3-9474-1A3956D46DE8}") = "Solution Items", "Solution Items", "{3AD43714-7AA3-47D1-9C18-DF6C967FCA04}"
	ProjectSection(SolutionItems) = preProject
		.editorconfig = .editorconfig
		.gitattributes = .gitattributes
		.gitignore = .gitignore
		.gitlab-ci.yml = .gitlab-ci.yml
		buildenv.Dockerfile = buildenv.Dockerfile
		LICENSE = LICENSE
		README.md = README.md
	EndProjectSection
EndProject
Project("{FAE04EC0-301F-11D3-BF4B-00C04F79EFBC}") = "BMBF.WebServer", "BMBF.WebServer\BMBF.WebServer.csproj", "{16B1DC03-12E1-4BD4-A731-9B361217A47F}"
EndProject
Global
	GlobalSection(SolutionConfigurationPlatforms) = preSolution
		Debug|Any CPU = Debug|Any CPU
		Release|Any CPU = Release|Any CPU
	EndGlobalSection
	GlobalSection(ProjectConfigurationPlatforms) = postSolution
		{9D432CC8-1BEC-4A21-B670-FA621C32A67B}.Debug|Any CPU.ActiveCfg = Debug|Any CPU
		{9D432CC8-1BEC-4A21-B670-FA621C32A67B}.Debug|Any CPU.Build.0 = Debug|Any CPU
		{9D432CC8-1BEC-4A21-B670-FA621C32A67B}.Debug|Any CPU.Deploy.0 = Debug|Any CPU
		{9D432CC8-1BEC-4A21-B670-FA621C32A67B}.Release|Any CPU.ActiveCfg = Release|Any CPU
		{9D432CC8-1BEC-4A21-B670-FA621C32A67B}.Release|Any CPU.Build.0 = Release|Any CPU
		{9D432CC8-1BEC-4A21-B670-FA621C32A67B}.Release|Any CPU.Deploy.0 = Release|Any CPU
		{D731BEC0-7B3D-4490-BA04-6323F2588632}.Debug|Any CPU.ActiveCfg = Debug|Any CPU
		{D731BEC0-7B3D-4490-BA04-6323F2588632}.Debug|Any CPU.Build.0 = Debug|Any CPU
		{D731BEC0-7B3D-4490-BA04-6323F2588632}.Release|Any CPU.ActiveCfg = Release|Any CPU
		{D731BEC0-7B3D-4490-BA04-6323F2588632}.Release|Any CPU.Build.0 = Release|Any CPU
		{A05D3964-484D-453E-9A5D-7958F92B5166}.Debug|Any CPU.ActiveCfg = Debug|Any CPU
		{A05D3964-484D-453E-9A5D-7958F92B5166}.Debug|Any CPU.Build.0 = Debug|Any CPU
		{A05D3964-484D-453E-9A5D-7958F92B5166}.Release|Any CPU.ActiveCfg = Release|Any CPU
		{A05D3964-484D-453E-9A5D-7958F92B5166}.Release|Any CPU.Build.0 = Release|Any CPU
		{DB7949A1-5211-4716-BAEF-9EB65FBBAFEF}.Debug|Any CPU.ActiveCfg = Debug|Any CPU
		{DB7949A1-5211-4716-BAEF-9EB65FBBAFEF}.Debug|Any CPU.Build.0 = Debug|Any CPU
		{DB7949A1-5211-4716-BAEF-9EB65FBBAFEF}.Release|Any CPU.ActiveCfg = Release|Any CPU
		{DB7949A1-5211-4716-BAEF-9EB65FBBAFEF}.Release|Any CPU.Build.0 = Release|Any CPU
		{F3C460A4-61E9-4B7A-8AE9-95B530EB6233}.Debug|Any CPU.ActiveCfg = Debug|Any CPU
		{F3C460A4-61E9-4B7A-8AE9-95B530EB6233}.Debug|Any CPU.Build.0 = Debug|Any CPU
		{F3C460A4-61E9-4B7A-8AE9-95B530EB6233}.Release|Any CPU.ActiveCfg = Release|Any CPU
		{F3C460A4-61E9-4B7A-8AE9-95B530EB6233}.Release|Any CPU.Build.0 = Release|Any CPU
		{8A7188BD-8692-499E-B6CA-200B438403BD}.Debug|Any CPU.ActiveCfg = Debug|Any CPU
		{8A7188BD-8692-499E-B6CA-200B438403BD}.Debug|Any CPU.Build.0 = Debug|Any CPU
		{8A7188BD-8692-499E-B6CA-200B438403BD}.Release|Any CPU.ActiveCfg = Release|Any CPU
		{8A7188BD-8692-499E-B6CA-200B438403BD}.Release|Any CPU.Build.0 = Release|Any CPU
		{4F5C8026-B3B8-482E-93C6-5FA0A1F247E0}.Debug|Any CPU.ActiveCfg = Debug|Any CPU
		{4F5C8026-B3B8-482E-93C6-5FA0A1F247E0}.Debug|Any CPU.Build.0 = Debug|Any CPU
		{4F5C8026-B3B8-482E-93C6-5FA0A1F247E0}.Release|Any CPU.ActiveCfg = Release|Any CPU
		{4F5C8026-B3B8-482E-93C6-5FA0A1F247E0}.Release|Any CPU.Build.0 = Release|Any CPU
		{3B83E73A-AFC9-488A-B633-D0D34BA61E2F}.Debug|Any CPU.ActiveCfg = Debug|Any CPU
		{3B83E73A-AFC9-488A-B633-D0D34BA61E2F}.Debug|Any CPU.Build.0 = Debug|Any CPU
		{3B83E73A-AFC9-488A-B633-D0D34BA61E2F}.Release|Any CPU.ActiveCfg = Release|Any CPU
		{3B83E73A-AFC9-488A-B633-D0D34BA61E2F}.Release|Any CPU.Build.0 = Release|Any CPU
		{91711B55-CCC4-4185-84DB-2FB22DC6C3B1}.Debug|Any CPU.ActiveCfg = Debug|Any CPU
		{91711B55-CCC4-4185-84DB-2FB22DC6C3B1}.Debug|Any CPU.Build.0 = Debug|Any CPU
		{91711B55-CCC4-4185-84DB-2FB22DC6C3B1}.Release|Any CPU.ActiveCfg = Release|Any CPU
		{91711B55-CCC4-4185-84DB-2FB22DC6C3B1}.Release|Any CPU.Build.0 = Release|Any CPU
		{9B9B7BD4-49EE-4571-B668-A5FAB65CB265}.Debug|Any CPU.ActiveCfg = Debug|Any CPU
		{9B9B7BD4-49EE-4571-B668-A5FAB65CB265}.Debug|Any CPU.Build.0 = Debug|Any CPU
		{9B9B7BD4-49EE-4571-B668-A5FAB65CB265}.Release|Any CPU.ActiveCfg = Release|Any CPU
		{9B9B7BD4-49EE-4571-B668-A5FAB65CB265}.Release|Any CPU.Build.0 = Release|Any CPU
		{16B1DC03-12E1-4BD4-A731-9B361217A47F}.Debug|Any CPU.ActiveCfg = Debug|Any CPU
		{16B1DC03-12E1-4BD4-A731-9B361217A47F}.Debug|Any CPU.Build.0 = Debug|Any CPU
		{16B1DC03-12E1-4BD4-A731-9B361217A47F}.Release|Any CPU.ActiveCfg = Release|Any CPU
		{16B1DC03-12E1-4BD4-A731-9B361217A47F}.Release|Any CPU.Build.0 = Release|Any CPU
	EndGlobalSection
	GlobalSection(SolutionProperties) = preSolution
		HideSolutionNode = FALSE
	EndGlobalSection
	GlobalSection(ExtensibilityGlobals) = postSolution
		SolutionGuid = {DC2F8E57-483B-43EB-8A54-BA53714A6B0A}
	EndGlobalSection
EndGlobal
